PODS:
  - FlutterMacOS (1.0.0)
  - ObjectBox (1.8.1-rc)
  - objectbox_flutter_libs (0.0.1):
    - FlutterMacOS
    - ObjectBox (= 1.8.1-rc)
  - path_provider_foundation (0.0.1):
    - Flutter
    - FlutterMacOS

DEPENDENCIES:
  - FlutterMacOS (from `Flutter/ephemeral`)
  - objectbox_flutter_libs (from `Flutter/ephemeral/.symlinks/plugins/objectbox_flutter_libs/macos`)
  - path_provider_foundation (from `Flutter/ephemeral/.symlinks/plugins/path_provider_foundation/macos`)

SPEC REPOS:
  trunk:
    - ObjectBox

EXTERNAL SOURCES:
  FlutterMacOS:
    :path: Flutter/ephemeral
  objectbox_flutter_libs:
    :path: Flutter/ephemeral/.symlinks/plugins/objectbox_flutter_libs/macos
  path_provider_foundation:
    :path: Flutter/ephemeral/.symlinks/plugins/path_provider_foundation/macos

SPEC CHECKSUMS:
  FlutterMacOS: 8f6f14fa908a6fb3fba0cd85dbd81ec4b251fb24
  ObjectBox: 7615cc462f2976cb45127d301a17cb473edf3f9e
  objectbox_flutter_libs: 6c6e858d1df4a7cd5cb664c2108e6fa0b412be38
  path_provider_foundation: 37748e03f12783f9de2cb2c4eadfaa25fe6d4852

PODFILE CHECKSUM: 353c8bcc5d5b0994e508d035b5431cfe18c1dea7

COCOAPODS: 1.11.3
